# This file is automatically @generated by Cargo.
# It is not intended for manual editing.
version = 4

[[package]]
name = "zcode-cli-app-server"
version = "0.1.0"
dependencies = [
 "zcode-cli-core",
 "zcode-cli-core-api",
 "zcode-cli-domain",
 "zcode-cli-host",
 "zcode-cli-model",
 "zcode-cli-protocol",
 "zcode-cli-state",
 "zcode-cli-tools",
]

[[package]]
name = "zcode-cli-bash"
version = "0.1.0"
dependencies = [
 "zcode-cli-bash-parse",
 "zcode-cli-core-api",
 "zcode-cli-domain",
 "zcode-cli-protocol",
]

[[package]]
name = "zcode-cli-bash-parse"
version = "0.1.0"

[[package]]
name = "zcode-cli-core"
version = "0.1.0"
dependencies = [
 "zcode-cli-core-api",
 "zcode-cli-domain",
 "zcode-cli-protocol",
]

[[package]]
name = "zcode-cli-core-api"
version = "0.1.0"
dependencies = [
 "zcode-cli-domain",
 "zcode-cli-protocol",
]

[[package]]
name = "zcode-cli-domain"
version = "0.1.0"

[[package]]
name = "zcode-cli-headless"
version = "0.1.0"
dependencies = [
 "zcode-cli-core",
 "zcode-cli-core-api",
 "zcode-cli-domain",
 "zcode-cli-host",
 "zcode-cli-model",
 "zcode-cli-protocol",
 "zcode-cli-state",
 "zcode-cli-tools",
]

[[package]]
name = "zcode-cli-host"
version = "0.1.0"
dependencies = [
 "zcode-cli-core-api",
 "zcode-cli-domain",
 "zcode-cli-protocol",
]

[[package]]
name = "zcode-cli-model"
version = "0.1.0"
dependencies = [
 "zcode-cli-core-api",
 "zcode-cli-domain",
 "zcode-cli-host",
 "zcode-cli-net",
 "zcode-cli-protocol",
]

[[package]]
name = "zcode-cli-net"
version = "0.1.0"
dependencies = [
 "zcode-cli-core-api",
 "zcode-cli-domain",
 "zcode-cli-protocol",
]

[[package]]
name = "zcode-cli-plugins"
version = "0.1.0"
dependencies = [
 "zcode-cli-core-api",
 "zcode-cli-domain",
 "zcode-cli-protocol",
]

[[package]]
name = "zcode-cli-protocol"
version = "0.1.0"

[[package]]
name = "zcode-cli-rust"
version = "0.1.0"
dependencies = [
 "zcode-cli-app-server",
 "zcode-cli-bash",
 "zcode-cli-bash-parse",
 "zcode-cli-core",
 "zcode-cli-core-api",
 "zcode-cli-domain",
 "zcode-cli-headless",
 "zcode-cli-host",
 "zcode-cli-model",
 "zcode-cli-net",
 "zcode-cli-plugins",
 "zcode-cli-protocol",
 "zcode-cli-state",
 "zcode-cli-tools",
 "zcode-cli-tui",
]

[[package]]
name = "zcode-cli-state"
version = "0.1.0"
dependencies = [
 "zcode-cli-core-api",
 "zcode-cli-domain",
 "zcode-cli-host",
 "zcode-cli-protocol",
]

[[package]]
name = "zcode-cli-tools"
version = "0.1.0"
dependencies = [
 "zcode-cli-bash",
 "zcode-cli-bash-parse",
 "zcode-cli-core-api",
 "zcode-cli-domain",
 "zcode-cli-host",
 "zcode-cli-plugins",
 "zcode-cli-protocol",
]

[[package]]
name = "zcode-cli-tui"
version = "0.1.0"
dependencies = [
 "zcode-cli-core",
 "zcode-cli-core-api",
 "zcode-cli-domain",
 "zcode-cli-host",
 "zcode-cli-model",
 "zcode-cli-protocol",
 "zcode-cli-state",
 "zcode-cli-tools",
]
